// !$*UTF8*$!
{
	archiveVersion = 1;
	classes = {
	};
	objectVersion = 56;
	objects = {

/* Begin PBXBuildFile section */
		B30125712D07AFF8004DDEA8 /* AppDelegate.swift in Sources */ = {isa = PBXBuildFile; fileRef = B30125702D07AFF8004DDEA8 /* AppDelegate.swift */; };
		B30125732D07AFF8004DDEA8 /* SceneDelegate.swift in Sources */ = {isa = PBXBuildFile; fileRef = B30125722D07AFF8004DDEA8 /* SceneDelegate.swift */; };
		B30125752D07AFF8004DDEA8 /* ViewController.swift in Sources */ = {isa = PBXBuildFile; fileRef = B30125742D07AFF8004DDEA8 /* ViewController.swift */; };
		B301257A2D07AFFA004DDEA8 /* Assets.xcassets in Resources */ = {isa = PBXBuildFile; fileRef = B30125792D07AFFA004DDEA8 /* Assets.xcassets */; };
		B30125862D07B1BA004DDEA8 /* NearbyFlowController.swift in Sources */ = {isa = PBXBuildFile; fileRef = B30125852D07B1BA004DDEA8 /* NearbyFlowController.swift */; };
		B301258B2D07CE6E004DDEA8 /* Colors.swift in Sources */ = {isa = PBXBuildFile; fileRef = B301258A2D07CE6E004DDEA8 /* Colors.swift */; };
		B30125902D07D2D0004DDEA8 /* SplashViewController.swift in Sources */ = {isa = PBXBuildFile; fileRef = B301258F2D07D2D0004DDEA8 /* SplashViewController.swift */; };
		B30125922D07D4BB004DDEA8 /* SplashView.swift in Sources */ = {isa = PBXBuildFile; fileRef = B30125912D07D4BB004DDEA8 /* SplashView.swift */; };
		B34CA4522D0BD47900ECB418 /* WelcomeViewController.swift in Sources */ = {isa = PBXBuildFile; fileRef = B34CA4512D0BD47900ECB418 /* WelcomeViewController.swift */; };
		B34CA4552D0BD9C900ECB418 /* UiViewController+ext.swift in Sources */ = {isa = PBXBuildFile; fileRef = B34CA4542D0BD9C900ECB418 /* UiViewController+ext.swift */; };
		B3734CB02D0A7907004A5A68 /* TipsView.swift in Sources */ = {isa = PBXBuildFile; fileRef = B3734CAF2D0A7907004A5A68 /* TipsView.swift */; };
		B3734CB32D0A83D2004A5A68 /* WelcomeView.swift in Sources */ = {isa = PBXBuildFile; fileRef = B3734CB22D0A83D2004A5A68 /* WelcomeView.swift */; };
		B3AED4212D18CCFE006B3B9C /* SplashFlowDelegate.swift in Sources */ = {isa = PBXBuildFile; fileRef = B3AED4202D18CCFE006B3B9C /* SplashFlowDelegate.swift */; };
		B3AED4232D18D836006B3B9C /* Typography.swift in Sources */ = {isa = PBXBuildFile; fileRef = B3AED4222D18D836006B3B9C /* Typography.swift */; };
		B3C724F72D1A5B730055871D /* HomeView.swift in Sources */ = {isa = PBXBuildFile; fileRef = B3C724F62D1A5B730055871D /* HomeView.swift */; };
		B3C724F92D1A5B810055871D /* HomeViewController.swift in Sources */ = {isa = PBXBuildFile; fileRef = B3C724F82D1A5B810055871D /* HomeViewController.swift */; };
		B3C724FC2D1A5C1B0055871D /* PlaceTableViewCell.swift in Sources */ = {isa = PBXBuildFile; fileRef = B3C724FB2D1A5C1B0055871D /* PlaceTableViewCell.swift */; };
		B3C724FF2D1A690E0055871D /* PlaceModel.swift in Sources */ = {isa = PBXBuildFile; fileRef = B3C724FE2D1A690E0055871D /* PlaceModel.swift */; };
/* End PBXBuildFile section */

/* Begin PBXFileReference section */
		B301256D2D07AFF8004DDEA8 /* Nearby.app */ = {isa = PBXFileReference; explicitFileType = wrapper.application; includeInIndex = 0; path = Nearby.app; sourceTree = BUILT_PRODUCTS_DIR; };
		B30125702D07AFF8004DDEA8 /* AppDelegate.swift */ = {isa = PBXFileReference; lastKnownFileType = sourcecode.swift; path = AppDelegate.swift; sourceTree = "<group>"; };
		B30125722D07AFF8004DDEA8 /* SceneDelegate.swift */ = {isa = PBXFileReference; lastKnownFileType = sourcecode.swift; path = SceneDelegate.swift; sourceTree = "<group>"; };
		B30125742D07AFF8004DDEA8 /* ViewController.swift */ = {isa = PBXFileReference; lastKnownFileType = sourcecode.swift; path = ViewController.swift; sourceTree = "<group>"; };
		B30125792D07AFFA004DDEA8 /* Assets.xcassets */ = {isa = PBXFileReference; lastKnownFileType = folder.assetcatalog; path = Assets.xcassets; sourceTree = "<group>"; };
		B301257E2D07AFFA004DDEA8 /* Info.plist */ = {isa = PBXFileReference; lastKnownFileType = text.plist.xml; path = Info.plist; sourceTree = "<group>"; };
		B30125852D07B1BA004DDEA8 /* NearbyFlowController.swift */ = {isa = PBXFileReference; lastKnownFileType = sourcecode.swift; path = NearbyFlowController.swift; sourceTree = "<group>"; };
		B301258A2D07CE6E004DDEA8 /* Colors.swift */ = {isa = PBXFileReference; lastKnownFileType = sourcecode.swift; path = Colors.swift; sourceTree = "<group>"; };
		B301258F2D07D2D0004DDEA8 /* SplashViewController.swift */ = {isa = PBXFileReference; lastKnownFileType = sourcecode.swift; path = SplashViewController.swift; sourceTree = "<group>"; };
		B30125912D07D4BB004DDEA8 /* SplashView.swift */ = {isa = PBXFileReference; lastKnownFileType = sourcecode.swift; path = SplashView.swift; sourceTree = "<group>"; };
		B34CA4512D0BD47900ECB418 /* WelcomeViewController.swift */ = {isa = PBXFileReference; lastKnownFileType = sourcecode.swift; path = WelcomeViewController.swift; sourceTree = "<group>"; };
		B34CA4542D0BD9C900ECB418 /* UiViewController+ext.swift */ = {isa = PBXFileReference; lastKnownFileType = sourcecode.swift; path = "UiViewController+ext.swift"; sourceTree = "<group>"; };
		B3734CAF2D0A7907004A5A68 /* TipsView.swift */ = {isa = PBXFileReference; lastKnownFileType = sourcecode.swift; path = TipsView.swift; sourceTree = "<group>"; };
		B3734CB22D0A83D2004A5A68 /* WelcomeView.swift */ = {isa = PBXFileReference; lastKnownFileType = sourcecode.swift; path = WelcomeView.swift; sourceTree = "<group>"; };
		B3AED4202D18CCFE006B3B9C /* SplashFlowDelegate.swift */ = {isa = PBXFileReference; lastKnownFileType = sourcecode.swift; path = SplashFlowDelegate.swift; sourceTree = "<group>"; };
		B3AED4222D18D836006B3B9C /* Typography.swift */ = {isa = PBXFileReference; lastKnownFileType = sourcecode.swift; path = Typography.swift; sourceTree = "<group>"; };
		B3C724F62D1A5B730055871D /* HomeView.swift */ = {isa = PBXFileReference; lastKnownFileType = sourcecode.swift; path = HomeView.swift; sourceTree = "<group>"; };
		B3C724F82D1A5B810055871D /* HomeViewController.swift */ = {isa = PBXFileReference; lastKnownFileType = sourcecode.swift; path = HomeViewController.swift; sourceTree = "<group>"; };
		B3C724FB2D1A5C1B0055871D /* PlaceTableViewCell.swift */ = {isa = PBXFileReference; lastKnownFileType = sourcecode.swift; path = PlaceTableViewCell.swift; sourceTree = "<group>"; };
		B3C724FE2D1A690E0055871D /* PlaceModel.swift */ = {isa = PBXFileReference; lastKnownFileType = sourcecode.swift; path = PlaceModel.swift; sourceTree = "<group>"; };
/* End PBXFileReference section */

/* Begin PBXFrameworksBuildPhase section */
		B301256A2D07AFF7004DDEA8 /* Frameworks */ = {
			isa = PBXFrameworksBuildPhase;
			buildActionMask = 2147483647;
			files = (
			);
			runOnlyForDeploymentPostprocessing = 0;
		};
/* End PBXFrameworksBuildPhase section */

/* Begin PBXGroup section */
		B30125642D07AFF7004DDEA8 = {
			isa = PBXGroup;
			children = (
				B301256F2D07AFF8004DDEA8 /* Nearby */,
				B301256E2D07AFF8004DDEA8 /* Products */,
			);
			sourceTree = "<group>";
		};
		B301256E2D07AFF8004DDEA8 /* Products */ = {
			isa = PBXGroup;
			children = (
				B301256D2D07AFF8004DDEA8 /* Nearby.app */,
			);
			name = Products;
			sourceTree = "<group>";
		};
		B301256F2D07AFF8004DDEA8 /* Nearby */ = {
			isa = PBXGroup;
			children = (
				B30125872D07CDCE004DDEA8 /* Resources */,
				B30125842D07B19A004DDEA8 /* Sources */,
				B30125702D07AFF8004DDEA8 /* AppDelegate.swift */,
				B30125722D07AFF8004DDEA8 /* SceneDelegate.swift */,
				B30125742D07AFF8004DDEA8 /* ViewController.swift */,
				B301257E2D07AFFA004DDEA8 /* Info.plist */,
			);
			path = Nearby;
			sourceTree = "<group>";
		};
		B30125842D07B19A004DDEA8 /* Sources */ = {
			isa = PBXGroup;
			children = (
				B30125892D07CDEB004DDEA8 /* Features */,
				B30125882D07CDDE004DDEA8 /* Constants */,
			);
			path = Sources;
			sourceTree = "<group>";
		};
		B30125872D07CDCE004DDEA8 /* Resources */ = {
			isa = PBXGroup;
			children = (
				B30125792D07AFFA004DDEA8 /* Assets.xcassets */,
			);
			path = Resources;
			sourceTree = "<group>";
		};
		B30125882D07CDDE004DDEA8 /* Constants */ = {
			isa = PBXGroup;
			children = (
				B301258A2D07CE6E004DDEA8 /* Colors.swift */,
				B3AED4222D18D836006B3B9C /* Typography.swift */,
			);
			path = Constants;
			sourceTree = "<group>";
		};
		B30125892D07CDEB004DDEA8 /* Features */ = {
			isa = PBXGroup;
			children = (
				B3C724FD2D1A69000055871D /* Models */,
				B34CA4532D0BD9A200ECB418 /* Extensions */,
				B3734CAE2D0A7543004A5A68 /* Components */,
				B301258D2D07D28C004DDEA8 /* Scenes */,
				B301258C2D07CF1F004DDEA8 /* Coordinator */,
			);
			path = Features;
			sourceTree = "<group>";
		};
		B301258C2D07CF1F004DDEA8 /* Coordinator */ = {
			isa = PBXGroup;
			children = (
				B30125852D07B1BA004DDEA8 /* NearbyFlowController.swift */,
			);
			path = Coordinator;
			sourceTree = "<group>";
		};
		B301258D2D07D28C004DDEA8 /* Scenes */ = {
			isa = PBXGroup;
			children = (
				B3C724F52D1A5B620055871D /* HomeView */,
				B3734CB12D0A8399004A5A68 /* WelcomeView */,
				B301258E2D07D296004DDEA8 /* Splash */,
			);
			path = Scenes;
			sourceTree = "<group>";
		};
		B301258E2D07D296004DDEA8 /* Splash */ = {
			isa = PBXGroup;
			children = (
				B301258F2D07D2D0004DDEA8 /* SplashViewController.swift */,
				B30125912D07D4BB004DDEA8 /* SplashView.swift */,
				B3AED4202D18CCFE006B3B9C /* SplashFlowDelegate.swift */,
			);
			path = Splash;
			sourceTree = "<group>";
		};
		B34CA4532D0BD9A200ECB418 /* Extensions */ = {
			isa = PBXGroup;
			children = (
				B34CA4542D0BD9C900ECB418 /* UiViewController+ext.swift */,
			);
			path = Extensions;
			sourceTree = "<group>";
		};
		B3734CAE2D0A7543004A5A68 /* Components */ = {
			isa = PBXGroup;
			children = (
				B3734CAF2D0A7907004A5A68 /* TipsView.swift */,
			);
			path = Components;
			sourceTree = "<group>";
		};
		B3734CB12D0A8399004A5A68 /* WelcomeView */ = {
			isa = PBXGroup;
			children = (
				B3734CB22D0A83D2004A5A68 /* WelcomeView.swift */,
				B34CA4512D0BD47900ECB418 /* WelcomeViewController.swift */,
			);
			path = WelcomeView;
			sourceTree = "<group>";
		};
		B3C724F52D1A5B620055871D /* HomeView */ = {
			isa = PBXGroup;
			children = (
				B3C724FA2D1A5C070055871D /* TableViewCell */,
				B3C724F62D1A5B730055871D /* HomeView.swift */,
				B3C724F82D1A5B810055871D /* HomeViewController.swift */,
			);
			path = HomeView;
			sourceTree = "<group>";
		};
		B3C724FA2D1A5C070055871D /* TableViewCell */ = {
			isa = PBXGroup;
			children = (
				B3C724FB2D1A5C1B0055871D /* PlaceTableViewCell.swift */,
			);
			path = TableViewCell;
			sourceTree = "<group>";
		};
		B3C724FD2D1A69000055871D /* Models */ = {
			isa = PBXGroup;
			children = (
				B3C724FE2D1A690E0055871D /* PlaceModel.swift */,
			);
			path = Models;
			sourceTree = "<group>";
		};
/* End PBXGroup section */

/* Begin PBXNativeTarget section */
		B301256C2D07AFF7004DDEA8 /* Nearby */ = {
			isa = PBXNativeTarget;
			buildConfigurationList = B30125812D07AFFA004DDEA8 /* Build configuration list for PBXNativeTarget "Nearby" */;
			buildPhases = (
				B30125692D07AFF7004DDEA8 /* Sources */,
				B301256A2D07AFF7004DDEA8 /* Frameworks */,
				B301256B2D07AFF7004DDEA8 /* Resources */,
			);
			buildRules = (
			);
			dependencies = (
			);
			name = Nearby;
			productName = NLW;
			productReference = B301256D2D07AFF8004DDEA8 /* Nearby.app */;
			productType = "com.apple.product-type.application";
		};
/* End PBXNativeTarget section */

/* Begin PBXProject section */
		B30125652D07AFF7004DDEA8 /* Project object */ = {
			isa = PBXProject;
			attributes = {
				BuildIndependentTargetsInParallel = 1;
				LastSwiftUpdateCheck = 1520;
				LastUpgradeCheck = 1520;
				TargetAttributes = {
					B301256C2D07AFF7004DDEA8 = {
						CreatedOnToolsVersion = 15.2;
					};
				};
			};
			buildConfigurationList = B30125682D07AFF7004DDEA8 /* Build configuration list for PBXProject "Nearby" */;
			compatibilityVersion = "Xcode 14.0";
			developmentRegion = en;
			hasScannedForEncodings = 0;
			knownRegions = (
				en,
				Base,
			);
			mainGroup = B30125642D07AFF7004DDEA8;
			productRefGroup = B301256E2D07AFF8004DDEA8 /* Products */;
			projectDirPath = "";
			projectRoot = "";
			targets = (
				B301256C2D07AFF7004DDEA8 /* Nearby */,
			);
		};
/* End PBXProject section */

/* Begin PBXResourcesBuildPhase section */
		B301256B2D07AFF7004DDEA8 /* Resources */ = {
			isa = PBXResourcesBuildPhase;
			buildActionMask = 2147483647;
			files = (
				B301257A2D07AFFA004DDEA8 /* Assets.xcassets in Resources */,
			);
			runOnlyForDeploymentPostprocessing = 0;
		};
/* End PBXResourcesBuildPhase section */

/* Begin PBXSourcesBuildPhase section */
		B30125692D07AFF7004DDEA8 /* Sources */ = {
			isa = PBXSourcesBuildPhase;
			buildActionMask = 2147483647;
			files = (
				B30125862D07B1BA004DDEA8 /* NearbyFlowController.swift in Sources */,
				B3C724F72D1A5B730055871D /* HomeView.swift in Sources */,
				B3C724FF2D1A690E0055871D /* PlaceModel.swift in Sources */,
				B34CA4522D0BD47900ECB418 /* WelcomeViewController.swift in Sources */,
				B301258B2D07CE6E004DDEA8 /* Colors.swift in Sources */,
				B30125752D07AFF8004DDEA8 /* ViewController.swift in Sources */,
				B3C724F92D1A5B810055871D /* HomeViewController.swift in Sources */,
				B30125902D07D2D0004DDEA8 /* SplashViewController.swift in Sources */,
				B3AED4212D18CCFE006B3B9C /* SplashFlowDelegate.swift in Sources */,
				B3734CB32D0A83D2004A5A68 /* WelcomeView.swift in Sources */,
				B3734CB02D0A7907004A5A68 /* TipsView.swift in Sources */,
				B30125712D07AFF8004DDEA8 /* AppDelegate.swift in Sources */,
				B3C724FC2D1A5C1B0055871D /* PlaceTableViewCell.swift in Sources */,
				B34CA4552D0BD9C900ECB418 /* UiViewController+ext.swift in Sources */,
				B30125732D07AFF8004DDEA8 /* SceneDelegate.swift in Sources */,
				B3AED4232D18D836006B3B9C /* Typography.swift in Sources */,
				B30125922D07D4BB004DDEA8 /* SplashView.swift in Sources */,
			);
			runOnlyForDeploymentPostprocessing = 0;
		};
/* End PBXSourcesBuildPhase section */

/* Begin XCBuildConfiguration section */
		B301257F2D07AFFA004DDEA8 /* Debug */ = {
			isa = XCBuildConfiguration;
			buildSettings = {
				ALWAYS_SEARCH_USER_PATHS = NO;
				ASSETCATALOG_COMPILER_GENERATE_SWIFT_ASSET_SYMBOL_EXTENSIONS = YES;
				CLANG_ANALYZER_NONNULL = YES;
				CLANG_ANALYZER_NUMBER_OBJECT_CONVERSION = YES_AGGRESSIVE;
				CLANG_CXX_LANGUAGE_STANDARD = "gnu++20";
				CLANG_ENABLE_MODULES = YES;
				CLANG_ENABLE_OBJC_ARC = YES;
				CLANG_ENABLE_OBJC_WEAK = YES;
				CLANG_WARN_BLOCK_CAPTURE_AUTORELEASING = YES;
				CLANG_WARN_BOOL_CONVERSION = YES;
				CLANG_WARN_COMMA = YES;
				CLANG_WARN_CONSTANT_CONVERSION = YES;
				CLANG_WARN_DEPRECATED_OBJC_IMPLEMENTATIONS = YES;
				CLANG_WARN_DIRECT_OBJC_ISA_USAGE = YES_ERROR;
				CLANG_WARN_DOCUMENTATION_COMMENTS = YES;
				CLANG_WARN_EMPTY_BODY = YES;
				CLANG_WARN_ENUM_CONVERSION = YES;
				CLANG_WARN_INFINITE_RECURSION = YES;
				CLANG_WARN_INT_CONVERSION = YES;
				CLANG_WARN_NON_LITERAL_NULL_CONVERSION = YES;
				CLANG_WARN_OBJC_IMPLICIT_RETAIN_SELF = YES;
				CLANG_WARN_OBJC_LITERAL_CONVERSION = YES;
				CLANG_WARN_OBJC_ROOT_CLASS = YES_ERROR;
				CLANG_WARN_QUOTED_INCLUDE_IN_FRAMEWORK_HEADER = YES;
				CLANG_WARN_RANGE_LOOP_ANALYSIS = YES;
				CLANG_WARN_STRICT_PROTOTYPES = YES;
				CLANG_WARN_SUSPICIOUS_MOVE = YES;
				CLANG_WARN_UNGUARDED_AVAILABILITY = YES_AGGRESSIVE;
				CLANG_WARN_UNREACHABLE_CODE = YES;
				CLANG_WARN__DUPLICATE_METHOD_MATCH = YES;
				COPY_PHASE_STRIP = NO;
				DEBUG_INFORMATION_FORMAT = dwarf;
				ENABLE_STRICT_OBJC_MSGSEND = YES;
				ENABLE_TESTABILITY = YES;
				ENABLE_USER_SCRIPT_SANDBOXING = YES;
				GCC_C_LANGUAGE_STANDARD = gnu17;
				GCC_DYNAMIC_NO_PIC = NO;
				GCC_NO_COMMON_BLOCKS = YES;
				GCC_OPTIMIZATION_LEVEL = 0;
				GCC_PREPROCESSOR_DEFINITIONS = (
					"DEBUG=1",
					"$(inherited)",
				);
				GCC_WARN_64_TO_32_BIT_CONVERSION = YES;
				GCC_WARN_ABOUT_RETURN_TYPE = YES_ERROR;
				GCC_WARN_UNDECLARED_SELECTOR = YES;
				GCC_WARN_UNINITIALIZED_AUTOS = YES_AGGRESSIVE;
				GCC_WARN_UNUSED_FUNCTION = YES;
				GCC_WARN_UNUSED_VARIABLE = YES;
				IPHONEOS_DEPLOYMENT_TARGET = 17.2;
				LOCALIZATION_PREFERS_STRING_CATALOGS = YES;
				MTL_ENABLE_DEBUG_INFO = INCLUDE_SOURCE;
				MTL_FAST_MATH = YES;
				ONLY_ACTIVE_ARCH = YES;
				SDKROOT = iphoneos;
				SWIFT_ACTIVE_COMPILATION_CONDITIONS = "DEBUG $(inherited)";
				SWIFT_OPTIMIZATION_LEVEL = "-Onone";
			};
			name = Debug;
		};
		B30125802D07AFFA004DDEA8 /* Release */ = {
			isa = XCBuildConfiguration;
			buildSettings = {
				ALWAYS_SEARCH_USER_PATHS = NO;
				ASSETCATALOG_COMPILER_GENERATE_SWIFT_ASSET_SYMBOL_EXTENSIONS = YES;
				CLANG_ANALYZER_NONNULL = YES;
				CLANG_ANALYZER_NUMBER_OBJECT_CONVERSION = YES_AGGRESSIVE;
				CLANG_CXX_LANGUAGE_STANDARD = "gnu++20";
				CLANG_ENABLE_MODULES = YES;
				CLANG_ENABLE_OBJC_ARC = YES;
				CLANG_ENABLE_OBJC_WEAK = YES;
				CLANG_WARN_BLOCK_CAPTURE_AUTORELEASING = YES;
				CLANG_WARN_BOOL_CONVERSION = YES;
				CLANG_WARN_COMMA = YES;
				CLANG_WARN_CONSTANT_CONVERSION = YES;
				CLANG_WARN_DEPRECATED_OBJC_IMPLEMENTATIONS = YES;
				CLANG_WARN_DIRECT_OBJC_ISA_USAGE = YES_ERROR;
				CLANG_WARN_DOCUMENTATION_COMMENTS = YES;
				CLANG_WARN_EMPTY_BODY = YES;
				CLANG_WARN_ENUM_CONVERSION = YES;
				CLANG_WARN_INFINITE_RECURSION = YES;
				CLANG_WARN_INT_CONVERSION = YES;
				CLANG_WARN_NON_LITERAL_NULL_CONVERSION = YES;
				CLANG_WARN_OBJC_IMPLICIT_RETAIN_SELF = YES;
				CLANG_WARN_OBJC_LITERAL_CONVERSION = YES;
				CLANG_WARN_OBJC_ROOT_CLASS = YES_ERROR;
				CLANG_WARN_QUOTED_INCLUDE_IN_FRAMEWORK_HEADER = YES;
				CLANG_WARN_RANGE_LOOP_ANALYSIS = YES;
				CLANG_WARN_STRICT_PROTOTYPES = YES;
				CLANG_WARN_SUSPICIOUS_MOVE = YES;
				CLANG_WARN_UNGUARDED_AVAILABILITY = YES_AGGRESSIVE;
				CLANG_WARN_UNREACHABLE_CODE = YES;
				CLANG_WARN__DUPLICATE_METHOD_MATCH = YES;
				COPY_PHASE_STRIP = NO;
				DEBUG_INFORMATION_FORMAT = "dwarf-with-dsym";
				ENABLE_NS_ASSERTIONS = NO;
				ENABLE_STRICT_OBJC_MSGSEND = YES;
				ENABLE_USER_SCRIPT_SANDBOXING = YES;
				GCC_C_LANGUAGE_STANDARD = gnu17;
				GCC_NO_COMMON_BLOCKS = YES;
				GCC_WARN_64_TO_32_BIT_CONVERSION = YES;
				GCC_WARN_ABOUT_RETURN_TYPE = YES_ERROR;
				GCC_WARN_UNDECLARED_SELECTOR = YES;
				GCC_WARN_UNINITIALIZED_AUTOS = YES_AGGRESSIVE;
				GCC_WARN_UNUSED_FUNCTION = YES;
				GCC_WARN_UNUSED_VARIABLE = YES;
				IPHONEOS_DEPLOYMENT_TARGET = 17.2;
				LOCALIZATION_PREFERS_STRING_CATALOGS = YES;
				MTL_ENABLE_DEBUG_INFO = NO;
				MTL_FAST_MATH = YES;
				SDKROOT = iphoneos;
				SWIFT_COMPILATION_MODE = wholemodule;
				VALIDATE_PRODUCT = YES;
			};
			name = Release;
		};
		B30125822D07AFFA004DDEA8 /* Debug */ = {
			isa = XCBuildConfiguration;
			buildSettings = {
				ASSETCATALOG_COMPILER_APPICON_NAME = AppIcon;
				ASSETCATALOG_COMPILER_GLOBAL_ACCENT_COLOR_NAME = AccentColor;
				CODE_SIGN_STYLE = Automatic;
				CURRENT_PROJECT_VERSION = 1;
				GENERATE_INFOPLIST_FILE = YES;
				INFOPLIST_FILE = Nearby/Info.plist;
				INFOPLIST_KEY_UIApplicationSupportsIndirectInputEvents = YES;
				INFOPLIST_KEY_UILaunchStoryboardName = LaunchScreen;
				INFOPLIST_KEY_UIStatusBarStyle = "";
				INFOPLIST_KEY_UISupportedInterfaceOrientations_iPad = "UIInterfaceOrientationPortrait UIInterfaceOrientationPortraitUpsideDown UIInterfaceOrientationLandscapeLeft UIInterfaceOrientationLandscapeRight";
				INFOPLIST_KEY_UISupportedInterfaceOrientations_iPhone = "UIInterfaceOrientationPortrait UIInterfaceOrientationLandscapeLeft UIInterfaceOrientationLandscapeRight";
				LD_RUNPATH_SEARCH_PATHS = (
					"$(inherited)",
					"@executable_path/Frameworks",
				);
				MARKETING_VERSION = 1.0;
				PRODUCT_BUNDLE_IDENTIFIER = lenildomelo.Nearby;
				PRODUCT_NAME = "$(TARGET_NAME)";
				SWIFT_EMIT_LOC_STRINGS = YES;
				SWIFT_VERSION = 5.0;
				TARGETED_DEVICE_FAMILY = "1,2";
			};
			name = Debug;
		};
		B30125832D07AFFA004DDEA8 /* Release */ = {
			isa = XCBuildConfiguration;
			buildSettings = {
				ASSETCATALOG_COMPILER_APPICON_NAME = AppIcon;
				ASSETCATALOG_COMPILER_GLOBAL_ACCENT_COLOR_NAME = AccentColor;
				CODE_SIGN_STYLE = Automatic;
				CURRENT_PROJECT_VERSION = 1;
				GENERATE_INFOPLIST_FILE = YES;
				INFOPLIST_FILE = Nearby/Info.plist;
				INFOPLIST_KEY_UIApplicationSupportsIndirectInputEvents = YES;
				INFOPLIST_KEY_UILaunchStoryboardName = LaunchScreen;
				INFOPLIST_KEY_UIStatusBarStyle = "";
				INFOPLIST_KEY_UISupportedInterfaceOrientations_iPad = "UIInterfaceOrientationPortrait UIInterfaceOrientationPortraitUpsideDown UIInterfaceOrientationLandscapeLeft UIInterfaceOrientationLandscapeRight";
				INFOPLIST_KEY_UISupportedInterfaceOrientations_iPhone = "UIInterfaceOrientationPortrait UIInterfaceOrientationLandscapeLeft UIInterfaceOrientationLandscapeRight";
				LD_RUNPATH_SEARCH_PATHS = (
					"$(inherited)",
					"@executable_path/Frameworks",
				);
				MARKETING_VERSION = 1.0;
				PRODUCT_BUNDLE_IDENTIFIER = lenildomelo.Nearby;
				PRODUCT_NAME = "$(TARGET_NAME)";
				SWIFT_EMIT_LOC_STRINGS = YES;
				SWIFT_VERSION = 5.0;
				TARGETED_DEVICE_FAMILY = "1,2";
			};
			name = Release;
		};
/* End XCBuildConfiguration section */

/* Begin XCConfigurationList section */
		B30125682D07AFF7004DDEA8 /* Build configuration list for PBXProject "Nearby" */ = {
			isa = XCConfigurationList;
			buildConfigurations = (
				B301257F2D07AFFA004DDEA8 /* Debug */,
				B30125802D07AFFA004DDEA8 /* Release */,
			);
			defaultConfigurationIsVisible = 0;
			defaultConfigurationName = Release;
		};
		B30125812D07AFFA004DDEA8 /* Build configuration list for PBXNativeTarget "Nearby" */ = {
			isa = XCConfigurationList;
			buildConfigurations = (
				B30125822D07AFFA004DDEA8 /* Debug */,
				B30125832D07AFFA004DDEA8 /* Release */,
			);
			defaultConfigurationIsVisible = 0;
			defaultConfigurationName = Release;
		};
/* End XCConfigurationList section */
	};
	rootObject = B30125652D07AFF7004DDEA8 /* Project object */;
}
